PODS:
  - TQNavigationBarUnderLine (0.1.1)

DEPENDENCIES:
  - TQNavigationBarUnderLine (from `../`)

EXTERNAL SOURCES:
  TQNavigationBarUnderLine:
    :path: "../"

SPEC CHECKSUMS:
  TQNavigationBarUnderLine: 56d35b4e34a51d156f222a26a29d7ac22654c964

PODFILE CHECKSUM: 82d358e7a40752c47d8412b6cb33d3c273fe27c3

COCOAPODS: 1.7.5
